
Microsoft Visual Studio Solution File, Format Version 12.00
# Visual Studio Version 17
VisualStudioVersion = 17.3.32929.385
MinimumVisualStudioVersion = 10.0.40219.1
Project("{FAE04EC0-301F-11D3-BF4B-00C04F79EFBC}") = "employeeTask", "employeeTask\employeeTask.csproj", "{044246A4-A92C-40F9-A986-0FB92202E61C}"
EndProject
Global
	GlobalSection(SolutionConfigurationPlatforms) = preSolution
		Debug|Any CPU = Debug|Any CPU
		Release|Any CPU = Release|Any CPU
	EndGlobalSection
	GlobalSection(ProjectConfigurationPlatforms) = postSolution
		{044246A4-A92C-40F9-A986-0FB92202E61C}.Debug|Any CPU.ActiveCfg = Debug|Any CPU
		{044246A4-A92C-40F9-A986-0FB92202E61C}.Debug|Any CPU.Build.0 = Debug|Any CPU
		{044246A4-A92C-40F9-A986-0FB92202E61C}.Release|Any CPU.ActiveCfg = Release|Any CPU
		{044246A4-A92C-40F9-A986-0FB92202E61C}.Release|Any CPU.Build.0 = Release|Any CPU
	EndGlobalSection
	GlobalSection(SolutionProperties) = preSolution
		HideSolutionNode = FALSE
	EndGlobalSection
	GlobalSection(ExtensibilityGlobals) = postSolution
		SolutionGuid = {3E5A16FC-958A-4010-8AC0-21461D730EDD}
	EndGlobalSection
EndGlobal
